
Microsoft Visual Studio Solution File, Format Version 12.00
# Visual Studio Version 17
VisualStudioVersion = 17.5.33516.290
MinimumVisualStudioVersion = 10.0.40219.1
Project("{FAE04EC0-301F-11D3-BF4B-00C04F79EFBC}") = "INF1008_tp2", "INF1008_tp2.csproj", "{DFA5C5CF-0D9A-4655-A94B-0B19E5904C40}"
EndProject
Global
	GlobalSection(SolutionConfigurationPlatforms) = preSolution
		Debug|Any CPU = Debug|Any CPU
		Release|Any CPU = Release|Any CPU
	EndGlobalSection
	GlobalSection(ProjectConfigurationPlatforms) = postSolution
		{DFA5C5CF-0D9A-4655-A94B-0B19E5904C40}.Debug|Any CPU.ActiveCfg = Debug|Any CPU
		{DFA5C5CF-0D9A-4655-A94B-0B19E5904C40}.Debug|Any CPU.Build.0 = Debug|Any CPU
		{DFA5C5CF-0D9A-4655-A94B-0B19E5904C40}.Release|Any CPU.ActiveCfg = Release|Any CPU
		{DFA5C5CF-0D9A-4655-A94B-0B19E5904C40}.Release|Any CPU.Build.0 = Release|Any CPU
	EndGlobalSection
	GlobalSection(SolutionProperties) = preSolution
		HideSolutionNode = FALSE
	EndGlobalSection
	GlobalSection(ExtensibilityGlobals) = postSolution
		SolutionGuid = {6BB1C0A0-5657-49A9-9AB0-3DD546632035}
	EndGlobalSection
EndGlobal
